
Microsoft Visual Studio Solution File, Format Version 12.00
# Visual Studio Version 16
VisualStudioVersion = 16.0.31205.134
MinimumVisualStudioVersion = 10.0.40219.1
Project("{9A19103F-16F7-4668-BE54-9A1E7A4F7556}") = "Numerical_Calculator", "Numerics_Project\Numerical_Calculator.csproj", "{D5574FC8-00CA-4924-8CE3-A7D1A42C191C}"
EndProject
Global
	GlobalSection(SolutionConfigurationPlatforms) = preSolution
		Debug|Any CPU = Debug|Any CPU
		Release|Any CPU = Release|Any CPU
	EndGlobalSection
	GlobalSection(ProjectConfigurationPlatforms) = postSolution
		{D5574FC8-00CA-4924-8CE3-A7D1A42C191C}.Debug|Any CPU.ActiveCfg = Debug|Any CPU
		{D5574FC8-00CA-4924-8CE3-A7D1A42C191C}.Debug|Any CPU.Build.0 = Debug|Any CPU
		{D5574FC8-00CA-4924-8CE3-A7D1A42C191C}.Release|Any CPU.ActiveCfg = Release|Any CPU
		{D5574FC8-00CA-4924-8CE3-A7D1A42C191C}.Release|Any CPU.Build.0 = Release|Any CPU
	EndGlobalSection
	GlobalSection(SolutionProperties) = preSolution
		HideSolutionNode = FALSE
	EndGlobalSection
	GlobalSection(ExtensibilityGlobals) = postSolution
		SolutionGuid = {D1437A96-7E76-4767-945B-C0DB463CB761}
	EndGlobalSection
EndGlobal
